
Microsoft Visual Studio Solution File, Format Version 12.00
# Visual Studio Version 16
VisualStudioVersion = 16.0.29009.5
MinimumVisualStudioVersion = 15.0.26124.0
Project("{2150E333-8FDC-42A3-9474-1A3956D46DE8}") = "src", "src", "{2CAC46BC-A04D-4F79-92DC-0FC40C2EB791}"
EndProject
Project("{9A19103F-16F7-4668-BE54-9A1E7A4F7556}") = "Ouvidoria.Api", "src\Ouvidoria.Api\Ouvidoria.Api.csproj", "{A153CBC6-1173-4E1B-A399-42F01841D522}"
EndProject
Project("{9A19103F-16F7-4668-BE54-9A1E7A4F7556}") = "Ouvidoria.Application", "src\Ouvidoria.Application\Ouvidoria.Application.csproj", "{B7256A6D-BC81-47C7-8459-042B8B403F74}"
EndProject
Project("{9A19103F-16F7-4668-BE54-9A1E7A4F7556}") = "Ouvidoria.CrossCutting.IoC", "src\Ouvidoria.CrossCutting.IoC\Ouvidoria.CrossCutting.IoC.csproj", "{E93DF9E9-68DF-4623-8426-45DBF1F9831F}"
EndProject
Project("{9A19103F-16F7-4668-BE54-9A1E7A4F7556}") = "Ouvidoria.Domain", "src\Ouvidoria.Domain\Ouvidoria.Domain.csproj", "{8A12D5C7-9F55-4210-A37B-1A63B6DBEBB6}"
EndProject
Project("{9A19103F-16F7-4668-BE54-9A1E7A4F7556}") = "Ouvidoria.Infrastructure", "src\Ouvidoria.Infrastructure\Ouvidoria.Infrastructure.csproj", "{6751C05A-3CF4-4191-8243-06545C20191F}"
EndProject
Project("{9A19103F-16F7-4668-BE54-9A1E7A4F7556}") = "Ouvidoria.Services", "src\Ouvidoria.Services\Ouvidoria.Services.csproj", "{5CAFDC99-DB0C-4343-A880-2A5B90C501BE}"
EndProject
Project("{9A19103F-16F7-4668-BE54-9A1E7A4F7556}") = "Ouvidoria.CrossCutting.Identity", "src\Ouvidoria.CrossCutting.Identity\Ouvidoria.CrossCutting.Identity.csproj", "{72B2A7C8-B6CE-4EFB-8437-1E2910A1CB27}"
EndProject
Global
	GlobalSection(SolutionConfigurationPlatforms) = preSolution
		Debug|Any CPU = Debug|Any CPU
		Debug|x64 = Debug|x64
		Debug|x86 = Debug|x86
		Release|Any CPU = Release|Any CPU
		Release|x64 = Release|x64
		Release|x86 = Release|x86
	EndGlobalSection
	GlobalSection(ProjectConfigurationPlatforms) = postSolution
		{A153CBC6-1173-4E1B-A399-42F01841D522}.Debug|Any CPU.ActiveCfg = Debug|Any CPU
		{A153CBC6-1173-4E1B-A399-42F01841D522}.Debug|Any CPU.Build.0 = Debug|Any CPU
		{A153CBC6-1173-4E1B-A399-42F01841D522}.Debug|x64.ActiveCfg = Debug|Any CPU
		{A153CBC6-1173-4E1B-A399-42F01841D522}.Debug|x64.Build.0 = Debug|Any CPU
		{A153CBC6-1173-4E1B-A399-42F01841D522}.Debug|x86.ActiveCfg = Debug|Any CPU
		{A153CBC6-1173-4E1B-A399-42F01841D522}.Debug|x86.Build.0 = Debug|Any CPU
		{A153CBC6-1173-4E1B-A399-42F01841D522}.Release|Any CPU.ActiveCfg = Release|Any CPU
		{A153CBC6-1173-4E1B-A399-42F01841D522}.Release|Any CPU.Build.0 = Release|Any CPU
		{A153CBC6-1173-4E1B-A399-42F01841D522}.Release|x64.ActiveCfg = Release|Any CPU
		{A153CBC6-1173-4E1B-A399-42F01841D522}.Release|x64.Build.0 = Release|Any CPU
		{A153CBC6-1173-4E1B-A399-42F01841D522}.Release|x86.ActiveCfg = Release|Any CPU
		{A153CBC6-1173-4E1B-A399-42F01841D522}.Release|x86.Build.0 = Release|Any CPU
		{B7256A6D-BC81-47C7-8459-042B8B403F74}.Debug|Any CPU.ActiveCfg = Debug|Any CPU
		{B7256A6D-BC81-47C7-8459-042B8B403F74}.Debug|Any CPU.Build.0 = Debug|Any CPU
		{B7256A6D-BC81-47C7-8459-042B8B403F74}.Debug|x64.ActiveCfg = Debug|Any CPU
		{B7256A6D-BC81-47C7-8459-042B8B403F74}.Debug|x64.Build.0 = Debug|Any CPU
		{B7256A6D-BC81-47C7-8459-042B8B403F74}.Debug|x86.ActiveCfg = Debug|Any CPU
		{B7256A6D-BC81-47C7-8459-042B8B403F74}.Debug|x86.Build.0 = Debug|Any CPU
		{B7256A6D-BC81-47C7-8459-042B8B403F74}.Release|Any CPU.ActiveCfg = Release|Any CPU
		{B7256A6D-BC81-47C7-8459-042B8B403F74}.Release|Any CPU.Build.0 = Release|Any CPU
		{B7256A6D-BC81-47C7-8459-042B8B403F74}.Release|x64.ActiveCfg = Release|Any CPU
		{B7256A6D-BC81-47C7-8459-042B8B403F74}.Release|x64.Build.0 = Release|Any CPU
		{B7256A6D-BC81-47C7-8459-042B8B403F74}.Release|x86.ActiveCfg = Release|Any CPU
		{B7256A6D-BC81-47C7-8459-042B8B403F74}.Release|x86.Build.0 = Release|Any CPU
		{E93DF9E9-68DF-4623-8426-45DBF1F9831F}.Debug|Any CPU.ActiveCfg = Debug|Any CPU
		{E93DF9E9-68DF-4623-8426-45DBF1F9831F}.Debug|Any CPU.Build.0 = Debug|Any CPU
		{E93DF9E9-68DF-4623-8426-45DBF1F9831F}.Debug|x64.ActiveCfg = Debug|Any CPU
		{E93DF9E9-68DF-4623-8426-45DBF1F9831F}.Debug|x64.Build.0 = Debug|Any CPU
		{E93DF9E9-68DF-4623-8426-45DBF1F9831F}.Debug|x86.ActiveCfg = Debug|Any CPU
		{E93DF9E9-68DF-4623-8426-45DBF1F9831F}.Debug|x86.Build.0 = Debug|Any CPU
		{E93DF9E9-68DF-4623-8426-45DBF1F9831F}.Release|Any CPU.ActiveCfg = Release|Any CPU
		{E93DF9E9-68DF-4623-8426-45DBF1F9831F}.Release|Any CPU.Build.0 = Release|Any CPU
		{E93DF9E9-68DF-4623-8426-45DBF1F9831F}.Release|x64.ActiveCfg = Release|Any CPU
		{E93DF9E9-68DF-4623-8426-45DBF1F9831F}.Release|x64.Build.0 = Release|Any CPU
		{E93DF9E9-68DF-4623-8426-45DBF1F9831F}.Release|x86.ActiveCfg = Release|Any CPU
		{E93DF9E9-68DF-4623-8426-45DBF1F9831F}.Release|x86.Build.0 = Release|Any CPU
		{8A12D5C7-9F55-4210-A37B-1A63B6DBEBB6}.Debug|Any CPU.ActiveCfg = Debug|Any CPU
		{8A12D5C7-9F55-4210-A37B-1A63B6DBEBB6}.Debug|Any CPU.Build.0 = Debug|Any CPU
		{8A12D5C7-9F55-4210-A37B-1A63B6DBEBB6}.Debug|x64.ActiveCfg = Debug|Any CPU
		{8A12D5C7-9F55-4210-A37B-1A63B6DBEBB6}.Debug|x64.Build.0 = Debug|Any CPU
		{8A12D5C7-9F55-4210-A37B-1A63B6DBEBB6}.Debug|x86.ActiveCfg = Debug|Any CPU
		{8A12D5C7-9F55-4210-A37B-1A63B6DBEBB6}.Debug|x86.Build.0 = Debug|Any CPU
		{8A12D5C7-9F55-4210-A37B-1A63B6DBEBB6}.Release|Any CPU.ActiveCfg = Release|Any CPU
		{8A12D5C7-9F55-4210-A37B-1A63B6DBEBB6}.Release|Any CPU.Build.0 = Release|Any CPU
		{8A12D5C7-9F55-4210-A37B-1A63B6DBEBB6}.Release|x64.ActiveCfg = Release|Any CPU
		{8A12D5C7-9F55-4210-A37B-1A63B6DBEBB6}.Release|x64.Build.0 = Release|Any CPU
		{8A12D5C7-9F55-4210-A37B-1A63B6DBEBB6}.Release|x86.ActiveCfg = Release|Any CPU
		{8A12D5C7-9F55-4210-A37B-1A63B6DBEBB6}.Release|x86.Build.0 = Release|Any CPU
		{6751C05A-3CF4-4191-8243-06545C20191F}.Debug|Any CPU.ActiveCfg = Debug|Any CPU
		{6751C05A-3CF4-4191-8243-06545C20191F}.Debug|Any CPU.Build.0 = Debug|Any CPU
		{6751C05A-3CF4-4191-8243-06545C20191F}.Debug|x64.ActiveCfg = Debug|Any CPU
		{6751C05A-3CF4-4191-8243-06545C20191F}.Debug|x64.Build.0 = Debug|Any CPU
		{6751C05A-3CF4-4191-8243-06545C20191F}.Debug|x86.ActiveCfg = Debug|Any CPU
		{6751C05A-3CF4-4191-8243-06545C20191F}.Debug|x86.Build.0 = Debug|Any CPU
		{6751C05A-3CF4-4191-8243-06545C20191F}.Release|Any CPU.ActiveCfg = Release|Any CPU
		{6751C05A-3CF4-4191-8243-06545C20191F}.Release|Any CPU.Build.0 = Release|Any CPU
		{6751C05A-3CF4-4191-8243-06545C20191F}.Release|x64.ActiveCfg = Release|Any CPU
		{6751C05A-3CF4-4191-8243-06545C20191F}.Release|x64.Build.0 = Release|Any CPU
		{6751C05A-3CF4-4191-8243-06545C20191F}.Release|x86.ActiveCfg = Release|Any CPU
		{6751C05A-3CF4-4191-8243-06545C20191F}.Release|x86.Build.0 = Release|Any CPU
		{5CAFDC99-DB0C-4343-A880-2A5B90C501BE}.Debug|Any CPU.ActiveCfg = Debug|Any CPU
		{5CAFDC99-DB0C-4343-A880-2A5B90C501BE}.Debug|Any CPU.Build.0 = Debug|Any CPU
		{5CAFDC99-DB0C-4343-A880-2A5B90C501BE}.Debug|x64.ActiveCfg = Debug|Any CPU
		{5CAFDC99-DB0C-4343-A880-2A5B90C501BE}.Debug|x64.Build.0 = Debug|Any CPU
		{5CAFDC99-DB0C-4343-A880-2A5B90C501BE}.Debug|x86.ActiveCfg = Debug|Any CPU
		{5CAFDC99-DB0C-4343-A880-2A5B90C501BE}.Debug|x86.Build.0 = Debug|Any CPU
		{5CAFDC99-DB0C-4343-A880-2A5B90C501BE}.Release|Any CPU.ActiveCfg = Release|Any CPU
		{5CAFDC99-DB0C-4343-A880-2A5B90C501BE}.Release|Any CPU.Build.0 = Release|Any CPU
		{5CAFDC99-DB0C-4343-A880-2A5B90C501BE}.Release|x64.ActiveCfg = Release|Any CPU
		{5CAFDC99-DB0C-4343-A880-2A5B90C501BE}.Release|x64.Build.0 = Release|Any CPU
		{5CAFDC99-DB0C-4343-A880-2A5B90C501BE}.Release|x86.ActiveCfg = Release|Any CPU
		{5CAFDC99-DB0C-4343-A880-2A5B90C501BE}.Release|x86.Build.0 = Release|Any CPU
		{72B2A7C8-B6CE-4EFB-8437-1E2910A1CB27}.Debug|Any CPU.ActiveCfg = Debug|Any CPU
		{72B2A7C8-B6CE-4EFB-8437-1E2910A1CB27}.Debug|Any CPU.Build.0 = Debug|Any CPU
		{72B2A7C8-B6CE-4EFB-8437-1E2910A1CB27}.Debug|x64.ActiveCfg = Debug|Any CPU
		{72B2A7C8-B6CE-4EFB-8437-1E2910A1CB27}.Debug|x64.Build.0 = Debug|Any CPU
		{72B2A7C8-B6CE-4EFB-8437-1E2910A1CB27}.Debug|x86.ActiveCfg = Debug|Any CPU
		{72B2A7C8-B6CE-4EFB-8437-1E2910A1CB27}.Debug|x86.Build.0 = Debug|Any CPU
		{72B2A7C8-B6CE-4EFB-8437-1E2910A1CB27}.Release|Any CPU.ActiveCfg = Release|Any CPU
		{72B2A7C8-B6CE-4EFB-8437-1E2910A1CB27}.Release|Any CPU.Build.0 = Release|Any CPU
		{72B2A7C8-B6CE-4EFB-8437-1E2910A1CB27}.Release|x64.ActiveCfg = Release|Any CPU
		{72B2A7C8-B6CE-4EFB-8437-1E2910A1CB27}.Release|x64.Build.0 = Release|Any CPU
		{72B2A7C8-B6CE-4EFB-8437-1E2910A1CB27}.Release|x86.ActiveCfg = Release|Any CPU
		{72B2A7C8-B6CE-4EFB-8437-1E2910A1CB27}.Release|x86.Build.0 = Release|Any CPU
	EndGlobalSection
	GlobalSection(SolutionProperties) = preSolution
		HideSolutionNode = FALSE
	EndGlobalSection
	GlobalSection(NestedProjects) = preSolution
		{A153CBC6-1173-4E1B-A399-42F01841D522} = {2CAC46BC-A04D-4F79-92DC-0FC40C2EB791}
		{B7256A6D-BC81-47C7-8459-042B8B403F74} = {2CAC46BC-A04D-4F79-92DC-0FC40C2EB791}
		{E93DF9E9-68DF-4623-8426-45DBF1F9831F} = {2CAC46BC-A04D-4F79-92DC-0FC40C2EB791}
		{8A12D5C7-9F55-4210-A37B-1A63B6DBEBB6} = {2CAC46BC-A04D-4F79-92DC-0FC40C2EB791}
		{6751C05A-3CF4-4191-8243-06545C20191F} = {2CAC46BC-A04D-4F79-92DC-0FC40C2EB791}
		{5CAFDC99-DB0C-4343-A880-2A5B90C501BE} = {2CAC46BC-A04D-4F79-92DC-0FC40C2EB791}
		{72B2A7C8-B6CE-4EFB-8437-1E2910A1CB27} = {2CAC46BC-A04D-4F79-92DC-0FC40C2EB791}
	EndGlobalSection
	GlobalSection(ExtensibilityGlobals) = postSolution
		SolutionGuid = {04A84853-E945-4B17-A47D-DB83EFBD3077}
	EndGlobalSection
EndGlobal
